
Microsoft Visual Studio Solution File, Format Version 12.00
# Visual Studio Version 17
VisualStudioVersion = 17.9.34728.123
MinimumVisualStudioVersion = 10.0.40219.1
Project("{FAE04EC0-301F-11D3-BF4B-00C04F79EFBC}") = "FitnessManager", "FitnessManager.csproj", "{2854F12B-0708-4167-B312-D26E0D8B8E5A}"
EndProject
Global
	GlobalSection(SolutionConfigurationPlatforms) = preSolution
		Debug|Any CPU = Debug|Any CPU
		Release|Any CPU = Release|Any CPU
	EndGlobalSection
	GlobalSection(ProjectConfigurationPlatforms) = postSolution
		{2854F12B-0708-4167-B312-D26E0D8B8E5A}.Debug|Any CPU.ActiveCfg = Debug|Any CPU
		{2854F12B-0708-4167-B312-D26E0D8B8E5A}.Debug|Any CPU.Build.0 = Debug|Any CPU
		{2854F12B-0708-4167-B312-D26E0D8B8E5A}.Release|Any CPU.ActiveCfg = Release|Any CPU
		{2854F12B-0708-4167-B312-D26E0D8B8E5A}.Release|Any CPU.Build.0 = Release|Any CPU
	EndGlobalSection
	GlobalSection(SolutionProperties) = preSolution
		HideSolutionNode = FALSE
	EndGlobalSection
	GlobalSection(ExtensibilityGlobals) = postSolution
		SolutionGuid = {BE995DD8-B4D5-42F8-9901-D294F2D6EBD2}
	EndGlobalSection
EndGlobal
